
Microsoft Visual Studio Solution File, Format Version 12.00
# Visual Studio Version 16
VisualStudioVersion = 16.0.31727.386
MinimumVisualStudioVersion = 10.0.40219.1
Project("{FAE04EC0-301F-11D3-BF4B-00C04F79EFBC}") = "EmailValidationApp", "EmailValidationApp\EmailValidationApp.csproj", "{AC6AD84F-749A-4435-B530-DBA50D5CF002}"
EndProject
Project("{FAE04EC0-301F-11D3-BF4B-00C04F79EFBC}") = "EmailValidator", "EmailValidator\EmailValidator.csproj", "{3FFF0289-B997-4131-BC9D-B76AAA359AB0}"
EndProject
Global
	GlobalSection(SolutionConfigurationPlatforms) = preSolution
		Debug|Any CPU = Debug|Any CPU
		Release|Any CPU = Release|Any CPU
	EndGlobalSection
	GlobalSection(ProjectConfigurationPlatforms) = postSolution
		{AC6AD84F-749A-4435-B530-DBA50D5CF002}.Debug|Any CPU.ActiveCfg = Debug|Any CPU
		{AC6AD84F-749A-4435-B530-DBA50D5CF002}.Debug|Any CPU.Build.0 = Debug|Any CPU
		{AC6AD84F-749A-4435-B530-DBA50D5CF002}.Release|Any CPU.ActiveCfg = Release|Any CPU
		{AC6AD84F-749A-4435-B530-DBA50D5CF002}.Release|Any CPU.Build.0 = Release|Any CPU
		{3FFF0289-B997-4131-BC9D-B76AAA359AB0}.Debug|Any CPU.ActiveCfg = Debug|Any CPU
		{3FFF0289-B997-4131-BC9D-B76AAA359AB0}.Debug|Any CPU.Build.0 = Debug|Any CPU
		{3FFF0289-B997-4131-BC9D-B76AAA359AB0}.Release|Any CPU.ActiveCfg = Release|Any CPU
		{3FFF0289-B997-4131-BC9D-B76AAA359AB0}.Release|Any CPU.Build.0 = Release|Any CPU
	EndGlobalSection
	GlobalSection(SolutionProperties) = preSolution
		HideSolutionNode = FALSE
	EndGlobalSection
	GlobalSection(ExtensibilityGlobals) = postSolution
		SolutionGuid = {619A5ECD-5306-405A-B742-2A678C017ABC}
	EndGlobalSection
EndGlobal
